schema: '2.0'
stages:
  data_ingestion:
    cmd: python src/cnnClassifier/pipeline/stage_01_data_ingestion.py
    deps:
    - path: config/config.yaml
      hash: md5
      md5: 00208551986f17b955051727a46ca70d
      size: 590
    - path: src/cnnClassifier/pipeline/stage_01_data_ingestion.py
      hash: md5
      md5: a722893ad2e5828f5d78587750fee161
      size: 929
    outs:
    - path: artifacts/data_ingestion/Kidney ct scan images
      hash: md5
      md5: 37515bb11b289cf75a2f07c53c8cceb9.dir
      size: 961115981
      nfiles: 7360
  prepare_base_model:
    cmd: python src/cnnClassifier/pipeline/stage_02_base_model.py
    deps:
    - path: config/config.yaml
      hash: md5
      md5: 00208551986f17b955051727a46ca70d
      size: 590
    - path: src/cnnClassifier/pipeline/stage_02_base_model.py
      hash: md5
      md5: ef3712c083afd8f0b60f8f583eb77bff
      size: 970
    params:
      params.yaml:
        CLASSES: 2
        IMAGE_SIZE:
        - 224
        - 224
        - 3
        INCLUDE_TOP: false
        LEARNING_RATE: 0.01
        WEIGHTS: imagenet
    outs:
    - path: artifacts/prepare_base_model
      hash: md5
      md5: bd6c07c491ff6d0ac3a415f93b44f776.dir
      size: 118054560
      nfiles: 2
  training:
    cmd: python src/cnnClassifier/pipeline/stage_03_model_training.py
    deps:
    - path: artifacts/data_ingestion/Kidney ct scan images
      hash: md5
      md5: 37515bb11b289cf75a2f07c53c8cceb9.dir
      size: 961115981
      nfiles: 7360
    - path: artifacts/prepare_base_model
      hash: md5
      md5: bd6c07c491ff6d0ac3a415f93b44f776.dir
      size: 118054560
      nfiles: 2
    - path: config/config.yaml
      hash: md5
      md5: 00208551986f17b955051727a46ca70d
      size: 590
    - path: src/cnnClassifier/pipeline/stage_03_model_training.py
      hash: md5
      md5: 58dfaec71b872283a2d26842cd019f67
      size: 890
    params:
      params.yaml:
        AUGMENTATION: true
        BATCH_SIZE: 16
        EPOCHS: 1
        IMAGE_SIZE:
        - 224
        - 224
        - 3
    outs:
    - path: artifacts/training/model.h5
      hash: md5
      md5: 3c2363f00637f06088a1db64639a0f81
      size: 59337520
  evaluation:
    cmd: python src/cnnClassifier/pipeline/stage_04_model_evaluation.py
    deps:
    - path: artifacts/data_ingestion/Kidney ct scan images
      hash: md5
      md5: 37515bb11b289cf75a2f07c53c8cceb9.dir
      size: 961115981
      nfiles: 7360
    - path: artifacts/training/model.h5
      hash: md5
      md5: 3c2363f00637f06088a1db64639a0f81
      size: 59337520
    - path: config/config.yaml
      hash: md5
      md5: 00208551986f17b955051727a46ca70d
      size: 590
    - path: src/cnnClassifier/pipeline/stage_04_model_evaluation.py
      hash: md5
      md5: 22d39e959d3ae73d88c237fcce313f86
      size: 874
    params:
      params.yaml:
        BATCH_SIZE: 16
        IMAGE_SIZE:
        - 224
        - 224
        - 3
    outs:
    - path: scores.json
      hash: md5
      md5: 0f360a0e6264dc731aefba64a0722271
      size: 72
